
Microsoft Visual Studio Solution File, Format Version 12.00
# Visual Studio 2013
VisualStudioVersion = 12.0.31101.0
MinimumVisualStudioVersion = 10.0.40219.1
Project("{FAE04EC0-301F-11D3-BF4B-00C04F79EFBC}") = "HW05_abstract_01", "HW05_abstract_01\HW05_abstract_01.csproj", "{ECBD7355-5CA8-448D-B500-A05E76DBF33B}"
EndProject
Global
	GlobalSection(SolutionConfigurationPlatforms) = preSolution
		Debug|Any CPU = Debug|Any CPU
		Release|Any CPU = Release|Any CPU
	EndGlobalSection
	GlobalSection(ProjectConfigurationPlatforms) = postSolution
		{ECBD7355-5CA8-448D-B500-A05E76DBF33B}.Debug|Any CPU.ActiveCfg = Debug|Any CPU
		{ECBD7355-5CA8-448D-B500-A05E76DBF33B}.Debug|Any CPU.Build.0 = Debug|Any CPU
		{ECBD7355-5CA8-448D-B500-A05E76DBF33B}.Release|Any CPU.ActiveCfg = Release|Any CPU
		{ECBD7355-5CA8-448D-B500-A05E76DBF33B}.Release|Any CPU.Build.0 = Release|Any CPU
	EndGlobalSection
	GlobalSection(SolutionProperties) = preSolution
		HideSolutionNode = FALSE
	EndGlobalSection
EndGlobal
